
Microsoft Visual Studio Solution File, Format Version 12.00
# Visual Studio Version 17
VisualStudioVersion = 17.8.34330.188
MinimumVisualStudioVersion = 10.0.40219.1
Project("{FAE04EC0-301F-11D3-BF4B-00C04F79EFBC}") = "01_Console", "01_Console\01_Console.csproj", "{D23F0299-FE4E-444E-B119-D8487D087CBC}"
EndProject
Global
	GlobalSection(SolutionConfigurationPlatforms) = preSolution
		Debug|Any CPU = Debug|Any CPU
		Release|Any CPU = Release|Any CPU
	EndGlobalSection
	GlobalSection(ProjectConfigurationPlatforms) = postSolution
		{D23F0299-FE4E-444E-B119-D8487D087CBC}.Debug|Any CPU.ActiveCfg = Debug|Any CPU
		{D23F0299-FE4E-444E-B119-D8487D087CBC}.Debug|Any CPU.Build.0 = Debug|Any CPU
		{D23F0299-FE4E-444E-B119-D8487D087CBC}.Release|Any CPU.ActiveCfg = Release|Any CPU
		{D23F0299-FE4E-444E-B119-D8487D087CBC}.Release|Any CPU.Build.0 = Release|Any CPU
	EndGlobalSection
	GlobalSection(SolutionProperties) = preSolution
		HideSolutionNode = FALSE
	EndGlobalSection
	GlobalSection(ExtensibilityGlobals) = postSolution
		SolutionGuid = {49256756-8E53-4754-A85A-545EBCDEC59D}
	EndGlobalSection
EndGlobal
